
Microsoft Visual Studio Solution File, Format Version 12.00
# Visual Studio Version 17
VisualStudioVersion = 17.12.35527.113 d17.12
MinimumVisualStudioVersion = 10.0.40219.1
Project("{FAE04EC0-301F-11D3-BF4B-00C04F79EFBC}") = "c_sharp_backend", "c_sharp_backend\c_sharp_backend.csproj", "{6679D4AC-782A-487E-BD63-591D3C37A14F}"
EndProject
Global
	GlobalSection(SolutionConfigurationPlatforms) = preSolution
		Debug|Any CPU = Debug|Any CPU
		Release|Any CPU = Release|Any CPU
	EndGlobalSection
	GlobalSection(ProjectConfigurationPlatforms) = postSolution
		{6679D4AC-782A-487E-BD63-591D3C37A14F}.Debug|Any CPU.ActiveCfg = Debug|Any CPU
		{6679D4AC-782A-487E-BD63-591D3C37A14F}.Debug|Any CPU.Build.0 = Debug|Any CPU
		{6679D4AC-782A-487E-BD63-591D3C37A14F}.Release|Any CPU.ActiveCfg = Release|Any CPU
		{6679D4AC-782A-487E-BD63-591D3C37A14F}.Release|Any CPU.Build.0 = Release|Any CPU
	EndGlobalSection
	GlobalSection(SolutionProperties) = preSolution
		HideSolutionNode = FALSE
	EndGlobalSection
EndGlobal
